
Microsoft Visual Studio Solution File, Format Version 12.00
# Visual Studio Version 16
VisualStudioVersion = 16.0.32428.217
MinimumVisualStudioVersion = 10.0.40219.1
Project("{FAE04EC0-301F-11D3-BF4B-00C04F79EFBC}") = "day18_02", "day18_02\day18_02.csproj", "{B061F77D-66EB-429D-9F67-E5F1131AA507}"
EndProject
Global
	GlobalSection(SolutionConfigurationPlatforms) = preSolution
		Debug|Any CPU = Debug|Any CPU
		Release|Any CPU = Release|Any CPU
	EndGlobalSection
	GlobalSection(ProjectConfigurationPlatforms) = postSolution
		{B061F77D-66EB-429D-9F67-E5F1131AA507}.Debug|Any CPU.ActiveCfg = Debug|Any CPU
		{B061F77D-66EB-429D-9F67-E5F1131AA507}.Debug|Any CPU.Build.0 = Debug|Any CPU
		{B061F77D-66EB-429D-9F67-E5F1131AA507}.Release|Any CPU.ActiveCfg = Release|Any CPU
		{B061F77D-66EB-429D-9F67-E5F1131AA507}.Release|Any CPU.Build.0 = Release|Any CPU
	EndGlobalSection
	GlobalSection(SolutionProperties) = preSolution
		HideSolutionNode = FALSE
	EndGlobalSection
	GlobalSection(ExtensibilityGlobals) = postSolution
		SolutionGuid = {6FCFDB4C-1FEE-426B-909C-03F1B0D22760}
	EndGlobalSection
EndGlobal
